{
  "lockfileVersion": 1,
  "configVersion": 1,
  "workspaces": {
    "": {
      "dependencies": {
        "bl-css": "0.14.1",
      },
    },
  },
  "packages": {
    "bl-css": ["bl-css@0.14.1", "", { "bin": { "bl-css": "bin/sc.js", "bl": "bin/sc.js" } }, "sha512-TweNysFeQq8AMoNTyA7yPHXajjBP5qyjAhdKGRYwJVHyv+tmHpTTKCFmTQfgJrqjFX7XEnp3sZC2XyKhaofMpw=="],
  }
}
