{
  "name": "bl-css-gh",
  "lockfileVersion": 3,
  "requires": true,
  "packages": {
    "": {
      "dependencies": {
        "bl-css": "^0.15.0"
      }
    },
    "node_modules/bl-css": {
      "version": "0.15.0",
      "resolved": "https://registry.npmjs.org/bl-css/-/bl-css-0.15.0.tgz",
      "integrity": "sha512-u70LJFlW99sPZlI3lo+54Q+ocxghKW606dBSpguCgmjg+BEJpHayRYtdDbjTGa/Bn70hFG/DwLmlNjDROtlYcA==",
      "license": "LGPL-2.1-only",
      "bin": {
        "bl": "bin/sc.js",
        "bl-css": "bin/sc.js"
      }
    }
  }
}
